
Microsoft Visual Studio Solution File, Format Version 12.00
# Visual Studio Version 17
VisualStudioVersion = 17.9.34616.47
MinimumVisualStudioVersion = 10.0.40219.1
Project("{888888A0-9F3D-457C-B088-3A5042F75D52}") = "MyDataScient", "MyDataScient\MyDataScient.pyproj", "{57AC8E24-C7C4-4973-ADC1-EF596080A642}"
EndProject
Global
	GlobalSection(SolutionConfigurationPlatforms) = preSolution
		Debug|Any CPU = Debug|Any CPU
		Release|Any CPU = Release|Any CPU
	EndGlobalSection
	GlobalSection(ProjectConfigurationPlatforms) = postSolution
		{57AC8E24-C7C4-4973-ADC1-EF596080A642}.Debug|Any CPU.ActiveCfg = Debug|Any CPU
		{57AC8E24-C7C4-4973-ADC1-EF596080A642}.Release|Any CPU.ActiveCfg = Release|Any CPU
	EndGlobalSection
	GlobalSection(SolutionProperties) = preSolution
		HideSolutionNode = FALSE
	EndGlobalSection
	GlobalSection(ExtensibilityGlobals) = postSolution
		SolutionGuid = {11D2423F-F4F2-45BB-8C39-3C2564F27422}
	EndGlobalSection
EndGlobal
